
Microsoft Visual Studio Solution File, Format Version 12.00
# Visual Studio Version 17
VisualStudioVersion = 17.1.32328.378
MinimumVisualStudioVersion = 10.0.40219.1
Project("{FAE04EC0-301F-11D3-BF4B-00C04F79EFBC}") = "Dungeon Play", "Dungeon Play\Dungeon Play.csproj", "{AD7FB9F9-C58C-4A40-A135-77E628C98C32}"
EndProject
Global
	GlobalSection(SolutionConfigurationPlatforms) = preSolution
		Debug|Any CPU = Debug|Any CPU
		Release|Any CPU = Release|Any CPU
	EndGlobalSection
	GlobalSection(ProjectConfigurationPlatforms) = postSolution
		{AD7FB9F9-C58C-4A40-A135-77E628C98C32}.Debug|Any CPU.ActiveCfg = Debug|Any CPU
		{AD7FB9F9-C58C-4A40-A135-77E628C98C32}.Debug|Any CPU.Build.0 = Debug|Any CPU
		{AD7FB9F9-C58C-4A40-A135-77E628C98C32}.Release|Any CPU.ActiveCfg = Release|Any CPU
		{AD7FB9F9-C58C-4A40-A135-77E628C98C32}.Release|Any CPU.Build.0 = Release|Any CPU
	EndGlobalSection
	GlobalSection(SolutionProperties) = preSolution
		HideSolutionNode = FALSE
	EndGlobalSection
	GlobalSection(ExtensibilityGlobals) = postSolution
		SolutionGuid = {ABA8AA42-7066-4541-A704-E8BA9A9002FF}
	EndGlobalSection
EndGlobal
